// !$*UTF8*$!
{
	archiveVersion = 1;
	classes = {
	};
	objectVersion = 55;
	objects = {

/* Begin PBXBuildFile section */
		93BEABB22943E771009AEF12 /* Cities.swift in Sources */ = {isa = PBXBuildFile; fileRef = 93BEABB12943E771009AEF12 /* Cities.swift */; };
		93BEABB42943F490009AEF12 /* CitiesMenu.swift in Sources */ = {isa = PBXBuildFile; fileRef = 93BEABB32943F490009AEF12 /* CitiesMenu.swift */; };
		93C3EB072937FEA800F06C9F /* AppDelegate.swift in Sources */ = {isa = PBXBuildFile; fileRef = 93C3EB062937FEA800F06C9F /* AppDelegate.swift */; };
		93C3EB092937FEA800F06C9F /* SceneDelegate.swift in Sources */ = {isa = PBXBuildFile; fileRef = 93C3EB082937FEA800F06C9F /* SceneDelegate.swift */; };
		93C3EB0B2937FEA800F06C9F /* ViewController.swift in Sources */ = {isa = PBXBuildFile; fileRef = 93C3EB0A2937FEA800F06C9F /* ViewController.swift */; };
		93C3EB0E2937FEA800F06C9F /* Main.storyboard in Resources */ = {isa = PBXBuildFile; fileRef = 93C3EB0C2937FEA800F06C9F /* Main.storyboard */; };
		93C3EB102937FEAB00F06C9F /* Assets.xcassets in Resources */ = {isa = PBXBuildFile; fileRef = 93C3EB0F2937FEAB00F06C9F /* Assets.xcassets */; };
		93C3EB132937FEAB00F06C9F /* LaunchScreen.storyboard in Resources */ = {isa = PBXBuildFile; fileRef = 93C3EB112937FEAB00F06C9F /* LaunchScreen.storyboard */; };
/* End PBXBuildFile section */

/* Begin PBXFileReference section */
		93BEABB12943E771009AEF12 /* Cities.swift */ = {isa = PBXFileReference; lastKnownFileType = sourcecode.swift; path = Cities.swift; sourceTree = "<group>"; };
		93BEABB32943F490009AEF12 /* CitiesMenu.swift */ = {isa = PBXFileReference; lastKnownFileType = sourcecode.swift; path = CitiesMenu.swift; sourceTree = "<group>"; };
		93C3EB032937FEA800F06C9F /* UkucajSe.app */ = {isa = PBXFileReference; explicitFileType = wrapper.application; includeInIndex = 0; path = UkucajSe.app; sourceTree = BUILT_PRODUCTS_DIR; };
		93C3EB062937FEA800F06C9F /* AppDelegate.swift */ = {isa = PBXFileReference; lastKnownFileType = sourcecode.swift; path = AppDelegate.swift; sourceTree = "<group>"; };
		93C3EB082937FEA800F06C9F /* SceneDelegate.swift */ = {isa = PBXFileReference; lastKnownFileType = sourcecode.swift; path = SceneDelegate.swift; sourceTree = "<group>"; };
		93C3EB0A2937FEA800F06C9F /* ViewController.swift */ = {isa = PBXFileReference; lastKnownFileType = sourcecode.swift; path = ViewController.swift; sourceTree = "<group>"; };
		93C3EB0D2937FEA800F06C9F /* Base */ = {isa = PBXFileReference; lastKnownFileType = file.storyboard; name = Base; path = Base.lproj/Main.storyboard; sourceTree = "<group>"; };
		93C3EB0F2937FEAB00F06C9F /* Assets.xcassets */ = {isa = PBXFileReference; lastKnownFileType = folder.assetcatalog; path = Assets.xcassets; sourceTree = "<group>"; };
		93C3EB122937FEAB00F06C9F /* Base */ = {isa = PBXFileReference; lastKnownFileType = file.storyboard; name = Base; path = Base.lproj/LaunchScreen.storyboard; sourceTree = "<group>"; };
		93C3EB142937FEAB00F06C9F /* Info.plist */ = {isa = PBXFileReference; lastKnownFileType = text.plist.xml; path = Info.plist; sourceTree = "<group>"; };
/* End PBXFileReference section */

/* Begin PBXFrameworksBuildPhase section */
		93C3EB002937FEA800F06C9F /* Frameworks */ = {
			isa = PBXFrameworksBuildPhase;
			buildActionMask = 2147483647;
			files = (
			);
			runOnlyForDeploymentPostprocessing = 0;
		};
/* End PBXFrameworksBuildPhase section */

/* Begin PBXGroup section */
		93C3EAFA2937FEA800F06C9F = {
			isa = PBXGroup;
			children = (
				93C3EB052937FEA800F06C9F /* UkucajSe */,
				93C3EB042937FEA800F06C9F /* Products */,
			);
			sourceTree = "<group>";
		};
		93C3EB042937FEA800F06C9F /* Products */ = {
			isa = PBXGroup;
			children = (
				93C3EB032937FEA800F06C9F /* UkucajSe.app */,
			);
			name = Products;
			sourceTree = "<group>";
		};
		93C3EB052937FEA800F06C9F /* UkucajSe */ = {
			isa = PBXGroup;
			children = (
				93BEABB12943E771009AEF12 /* Cities.swift */,
				93C3EB062937FEA800F06C9F /* AppDelegate.swift */,
				93C3EB082937FEA800F06C9F /* SceneDelegate.swift */,
				93C3EB0A2937FEA800F06C9F /* ViewController.swift */,
				93C3EB0C2937FEA800F06C9F /* Main.storyboard */,
				93C3EB0F2937FEAB00F06C9F /* Assets.xcassets */,
				93C3EB112937FEAB00F06C9F /* LaunchScreen.storyboard */,
				93C3EB142937FEAB00F06C9F /* Info.plist */,
				93BEABB32943F490009AEF12 /* CitiesMenu.swift */,
			);
			path = UkucajSe;
			sourceTree = "<group>";
		};
/* End PBXGroup section */

/* Begin PBXNativeTarget section */
		93C3EB022937FEA800F06C9F /* UkucajSe */ = {
			isa = PBXNativeTarget;
			buildConfigurationList = 93C3EB172937FEAB00F06C9F /* Build configuration list for PBXNativeTarget "UkucajSe" */;
			buildPhases = (
				93C3EAFF2937FEA800F06C9F /* Sources */,
				93C3EB002937FEA800F06C9F /* Frameworks */,
				93C3EB012937FEA800F06C9F /* Resources */,
			);
			buildRules = (
			);
			dependencies = (
			);
			name = UkucajSe;
			productName = UkucajSe;
			productReference = 93C3EB032937FEA800F06C9F /* UkucajSe.app */;
			productType = "com.apple.product-type.application";
		};
/* End PBXNativeTarget section */

/* Begin PBXProject section */
		93C3EAFB2937FEA800F06C9F /* Project object */ = {
			isa = PBXProject;
			attributes = {
				BuildIndependentTargetsInParallel = 1;
				LastSwiftUpdateCheck = 1320;
				LastUpgradeCheck = 1320;
				TargetAttributes = {
					93C3EB022937FEA800F06C9F = {
						CreatedOnToolsVersion = 13.2.1;
					};
				};
			};
			buildConfigurationList = 93C3EAFE2937FEA800F06C9F /* Build configuration list for PBXProject "UkucajSe" */;
			compatibilityVersion = "Xcode 13.0";
			developmentRegion = en;
			hasScannedForEncodings = 0;
			knownRegions = (
				en,
				Base,
			);
			mainGroup = 93C3EAFA2937FEA800F06C9F;
			productRefGroup = 93C3EB042937FEA800F06C9F /* Products */;
			projectDirPath = "";
			projectRoot = "";
			targets = (
				93C3EB022937FEA800F06C9F /* UkucajSe */,
			);
		};
/* End PBXProject section */

/* Begin PBXResourcesBuildPhase section */
		93C3EB012937FEA800F06C9F /* Resources */ = {
			isa = PBXResourcesBuildPhase;
			buildActionMask = 2147483647;
			files = (
				93C3EB132937FEAB00F06C9F /* LaunchScreen.storyboard in Resources */,
				93C3EB102937FEAB00F06C9F /* Assets.xcassets in Resources */,
				93C3EB0E2937FEA800F06C9F /* Main.storyboard in Resources */,
			);
			runOnlyForDeploymentPostprocessing = 0;
		};
/* End PBXResourcesBuildPhase section */

/* Begin PBXSourcesBuildPhase section */
		93C3EAFF2937FEA800F06C9F /* Sources */ = {
			isa = PBXSourcesBuildPhase;
			buildActionMask = 2147483647;
			files = (
				93BEABB22943E771009AEF12 /* Cities.swift in Sources */,
				93C3EB0B2937FEA800F06C9F /* ViewController.swift in Sources */,
				93C3EB072937FEA800F06C9F /* AppDelegate.swift in Sources */,
				93BEABB42943F490009AEF12 /* CitiesMenu.swift in Sources */,
				93C3EB092937FEA800F06C9F /* SceneDelegate.swift in Sources */,
			);
			runOnlyForDeploymentPostprocessing = 0;
		};
/* End PBXSourcesBuildPhase section */

/* Begin PBXVariantGroup section */
		93C3EB0C2937FEA800F06C9F /* Main.storyboard */ = {
			isa = PBXVariantGroup;
			children = (
				93C3EB0D2937FEA800F06C9F /* Base */,
			);
			name = Main.storyboard;
			sourceTree = "<group>";
		};
		93C3EB112937FEAB00F06C9F /* LaunchScreen.storyboard */ = {
			isa = PBXVariantGroup;
			children = (
				93C3EB122937FEAB00F06C9F /* Base */,
			);
			name = LaunchScreen.storyboard;
			sourceTree = "<group>";
		};
/* End PBXVariantGroup section */

/* Begin XCBuildConfiguration section */
		93C3EB152937FEAB00F06C9F /* Debug */ = {
			isa = XCBuildConfiguration;
			buildSettings = {
				ALWAYS_SEARCH_USER_PATHS = NO;
				CLANG_ANALYZER_NONNULL = YES;
				CLANG_ANALYZER_NUMBER_OBJECT_CONVERSION = YES_AGGRESSIVE;
				CLANG_CXX_LANGUAGE_STANDARD = "gnu++17";
				CLANG_CXX_LIBRARY = "libc++";
				CLANG_ENABLE_MODULES = YES;
				CLANG_ENABLE_OBJC_ARC = YES;
				CLANG_ENABLE_OBJC_WEAK = YES;
				CLANG_WARN_BLOCK_CAPTURE_AUTORELEASING = YES;
				CLANG_WARN_BOOL_CONVERSION = YES;
				CLANG_WARN_COMMA = YES;
				CLANG_WARN_CONSTANT_CONVERSION = YES;
				CLANG_WARN_DEPRECATED_OBJC_IMPLEMENTATIONS = YES;
				CLANG_WARN_DIRECT_OBJC_ISA_USAGE = YES_ERROR;
				CLANG_WARN_DOCUMENTATION_COMMENTS = YES;
				CLANG_WARN_EMPTY_BODY = YES;
				CLANG_WARN_ENUM_CONVERSION = YES;
				CLANG_WARN_INFINITE_RECURSION = YES;
				CLANG_WARN_INT_CONVERSION = YES;
				CLANG_WARN_NON_LITERAL_NULL_CONVERSION = YES;
				CLANG_WARN_OBJC_IMPLICIT_RETAIN_SELF = YES;
				CLANG_WARN_OBJC_LITERAL_CONVERSION = YES;
				CLANG_WARN_OBJC_ROOT_CLASS = YES_ERROR;
				CLANG_WARN_QUOTED_INCLUDE_IN_FRAMEWORK_HEADER = YES;
				CLANG_WARN_RANGE_LOOP_ANALYSIS = YES;
				CLANG_WARN_STRICT_PROTOTYPES = YES;
				CLANG_WARN_SUSPICIOUS_MOVE = YES;
				CLANG_WARN_UNGUARDED_AVAILABILITY = YES_AGGRESSIVE;
				CLANG_WARN_UNREACHABLE_CODE = YES;
				CLANG_WARN__DUPLICATE_METHOD_MATCH = YES;
				COPY_PHASE_STRIP = NO;
				DEBUG_INFORMATION_FORMAT = dwarf;
				ENABLE_STRICT_OBJC_MSGSEND = YES;
				ENABLE_TESTABILITY = YES;
				GCC_C_LANGUAGE_STANDARD = gnu11;
				GCC_DYNAMIC_NO_PIC = NO;
				GCC_NO_COMMON_BLOCKS = YES;
				GCC_OPTIMIZATION_LEVEL = 0;
				GCC_PREPROCESSOR_DEFINITIONS = (
					"DEBUG=1",
					"$(inherited)",
				);
				GCC_WARN_64_TO_32_BIT_CONVERSION = YES;
				GCC_WARN_ABOUT_RETURN_TYPE = YES_ERROR;
				GCC_WARN_UNDECLARED_SELECTOR = YES;
				GCC_WARN_UNINITIALIZED_AUTOS = YES_AGGRESSIVE;
				GCC_WARN_UNUSED_FUNCTION = YES;
				GCC_WARN_UNUSED_VARIABLE = YES;
				IPHONEOS_DEPLOYMENT_TARGET = 15.2;
				MTL_ENABLE_DEBUG_INFO = INCLUDE_SOURCE;
				MTL_FAST_MATH = YES;
				ONLY_ACTIVE_ARCH = YES;
				SDKROOT = iphoneos;
				SWIFT_ACTIVE_COMPILATION_CONDITIONS = DEBUG;
				SWIFT_OPTIMIZATION_LEVEL = "-Onone";
			};
			name = Debug;
		};
		93C3EB162937FEAB00F06C9F /* Release */ = {
			isa = XCBuildConfiguration;
			buildSettings = {
				ALWAYS_SEARCH_USER_PATHS = NO;
				CLANG_ANALYZER_NONNULL = YES;
				CLANG_ANALYZER_NUMBER_OBJECT_CONVERSION = YES_AGGRESSIVE;
				CLANG_CXX_LANGUAGE_STANDARD = "gnu++17";
				CLANG_CXX_LIBRARY = "libc++";
				CLANG_ENABLE_MODULES = YES;
				CLANG_ENABLE_OBJC_ARC = YES;
				CLANG_ENABLE_OBJC_WEAK = YES;
				CLANG_WARN_BLOCK_CAPTURE_AUTORELEASING = YES;
				CLANG_WARN_BOOL_CONVERSION = YES;
				CLANG_WARN_COMMA = YES;
				CLANG_WARN_CONSTANT_CONVERSION = YES;
				CLANG_WARN_DEPRECATED_OBJC_IMPLEMENTATIONS = YES;
				CLANG_WARN_DIRECT_OBJC_ISA_USAGE = YES_ERROR;
				CLANG_WARN_DOCUMENTATION_COMMENTS = YES;
				CLANG_WARN_EMPTY_BODY = YES;
				CLANG_WARN_ENUM_CONVERSION = YES;
				CLANG_WARN_INFINITE_RECURSION = YES;
				CLANG_WARN_INT_CONVERSION = YES;
				CLANG_WARN_NON_LITERAL_NULL_CONVERSION = YES;
				CLANG_WARN_OBJC_IMPLICIT_RETAIN_SELF = YES;
				CLANG_WARN_OBJC_LITERAL_CONVERSION = YES;
				CLANG_WARN_OBJC_ROOT_CLASS = YES_ERROR;
				CLANG_WARN_QUOTED_INCLUDE_IN_FRAMEWORK_HEADER = YES;
				CLANG_WARN_RANGE_LOOP_ANALYSIS = YES;
				CLANG_WARN_STRICT_PROTOTYPES = YES;
				CLANG_WARN_SUSPICIOUS_MOVE = YES;
				CLANG_WARN_UNGUARDED_AVAILABILITY = YES_AGGRESSIVE;
				CLANG_WARN_UNREACHABLE_CODE = YES;
				CLANG_WARN__DUPLICATE_METHOD_MATCH = YES;
				COPY_PHASE_STRIP = NO;
				DEBUG_INFORMATION_FORMAT = "dwarf-with-dsym";
				ENABLE_NS_ASSERTIONS = NO;
				ENABLE_STRICT_OBJC_MSGSEND = YES;
				GCC_C_LANGUAGE_STANDARD = gnu11;
				GCC_NO_COMMON_BLOCKS = YES;
				GCC_WARN_64_TO_32_BIT_CONVERSION = YES;
				GCC_WARN_ABOUT_RETURN_TYPE = YES_ERROR;
				GCC_WARN_UNDECLARED_SELECTOR = YES;
				GCC_WARN_UNINITIALIZED_AUTOS = YES_AGGRESSIVE;
				GCC_WARN_UNUSED_FUNCTION = YES;
				GCC_WARN_UNUSED_VARIABLE = YES;
				IPHONEOS_DEPLOYMENT_TARGET = 15.2;
				MTL_ENABLE_DEBUG_INFO = NO;
				MTL_FAST_MATH = YES;
				SDKROOT = iphoneos;
				SWIFT_COMPILATION_MODE = wholemodule;
				SWIFT_OPTIMIZATION_LEVEL = "-O";
				VALIDATE_PRODUCT = YES;
			};
			name = Release;
		};
		93C3EB182937FEAB00F06C9F /* Debug */ = {
			isa = XCBuildConfiguration;
			buildSettings = {
				ASSETCATALOG_COMPILER_APPICON_NAME = AppIcon;
				ASSETCATALOG_COMPILER_GLOBAL_ACCENT_COLOR_NAME = AccentColor;
				CODE_SIGN_STYLE = Automatic;
				CURRENT_PROJECT_VERSION = 1;
				DEVELOPMENT_TEAM = AMPEZ2ZKFG;
				GENERATE_INFOPLIST_FILE = YES;
				INFOPLIST_FILE = UkucajSe/Info.plist;
				INFOPLIST_KEY_UIApplicationSupportsIndirectInputEvents = YES;
				INFOPLIST_KEY_UILaunchStoryboardName = LaunchScreen;
				INFOPLIST_KEY_UIMainStoryboardFile = Main;
				INFOPLIST_KEY_UISupportedInterfaceOrientations = UIInterfaceOrientationPortrait;
				INFOPLIST_KEY_UISupportedInterfaceOrientations_iPad = "UIInterfaceOrientationPortrait UIInterfaceOrientationPortraitUpsideDown UIInterfaceOrientationLandscapeLeft UIInterfaceOrientationLandscapeRight";
				INFOPLIST_KEY_UISupportedInterfaceOrientations_iPhone = "UIInterfaceOrientationPortrait UIInterfaceOrientationLandscapeLeft UIInterfaceOrientationLandscapeRight";
				LD_RUNPATH_SEARCH_PATHS = (
					"$(inherited)",
					"@executable_path/Frameworks",
				);
				MARKETING_VERSION = 1.0;
				PRODUCT_BUNDLE_IDENTIFIER = nzilee.UkucajSe;
				PRODUCT_NAME = "$(TARGET_NAME)";
				SWIFT_EMIT_LOC_STRINGS = YES;
				SWIFT_VERSION = 5.0;
				TARGETED_DEVICE_FAMILY = "1,2";
			};
			name = Debug;
		};
		93C3EB192937FEAB00F06C9F /* Release */ = {
			isa = XCBuildConfiguration;
			buildSettings = {
				ASSETCATALOG_COMPILER_APPICON_NAME = AppIcon;
				ASSETCATALOG_COMPILER_GLOBAL_ACCENT_COLOR_NAME = AccentColor;
				CODE_SIGN_STYLE = Automatic;
				CURRENT_PROJECT_VERSION = 1;
				DEVELOPMENT_TEAM = AMPEZ2ZKFG;
				GENERATE_INFOPLIST_FILE = YES;
				INFOPLIST_FILE = UkucajSe/Info.plist;
				INFOPLIST_KEY_UIApplicationSupportsIndirectInputEvents = YES;
				INFOPLIST_KEY_UILaunchStoryboardName = LaunchScreen;
				INFOPLIST_KEY_UIMainStoryboardFile = Main;
				INFOPLIST_KEY_UISupportedInterfaceOrientations = UIInterfaceOrientationPortrait;
				INFOPLIST_KEY_UISupportedInterfaceOrientations_iPad = "UIInterfaceOrientationPortrait UIInterfaceOrientationPortraitUpsideDown UIInterfaceOrientationLandscapeLeft UIInterfaceOrientationLandscapeRight";
				INFOPLIST_KEY_UISupportedInterfaceOrientations_iPhone = "UIInterfaceOrientationPortrait UIInterfaceOrientationLandscapeLeft UIInterfaceOrientationLandscapeRight";
				LD_RUNPATH_SEARCH_PATHS = (
					"$(inherited)",
					"@executable_path/Frameworks",
				);
				MARKETING_VERSION = 1.0;
				PRODUCT_BUNDLE_IDENTIFIER = nzilee.UkucajSe;
				PRODUCT_NAME = "$(TARGET_NAME)";
				SWIFT_EMIT_LOC_STRINGS = YES;
				SWIFT_VERSION = 5.0;
				TARGETED_DEVICE_FAMILY = "1,2";
			};
			name = Release;
		};
/* End XCBuildConfiguration section */

/* Begin XCConfigurationList section */
		93C3EAFE2937FEA800F06C9F /* Build configuration list for PBXProject "UkucajSe" */ = {
			isa = XCConfigurationList;
			buildConfigurations = (
				93C3EB152937FEAB00F06C9F /* Debug */,
				93C3EB162937FEAB00F06C9F /* Release */,
			);
			defaultConfigurationIsVisible = 0;
			defaultConfigurationName = Release;
		};
		93C3EB172937FEAB00F06C9F /* Build configuration list for PBXNativeTarget "UkucajSe" */ = {
			isa = XCConfigurationList;
			buildConfigurations = (
				93C3EB182937FEAB00F06C9F /* Debug */,
				93C3EB192937FEAB00F06C9F /* Release */,
			);
			defaultConfigurationIsVisible = 0;
			defaultConfigurationName = Release;
		};
/* End XCConfigurationList section */
	};
	rootObject = 93C3EAFB2937FEA800F06C9F /* Project object */;
}
